
Microsoft Visual Studio Solution File, Format Version 12.00
# Visual Studio 15
VisualStudioVersion = 15.0.27130.2010
MinimumVisualStudioVersion = 10.0.40219.1
Project("{FAE04EC0-301F-11D3-BF4B-00C04F79EFBC}") = "WebApplication1", "WebApplication1\WebApplication1.csproj", "{B36D6C12-2E0F-49E8-B60D-F47278E8BAC9}"
EndProject
Global
	GlobalSection(SolutionConfigurationPlatforms) = preSolution
		Debug|Any CPU = Debug|Any CPU
		Release|Any CPU = Release|Any CPU
	EndGlobalSection
	GlobalSection(ProjectConfigurationPlatforms) = postSolution
		{B36D6C12-2E0F-49E8-B60D-F47278E8BAC9}.Debug|Any CPU.ActiveCfg = Debug|Any CPU
		{B36D6C12-2E0F-49E8-B60D-F47278E8BAC9}.Debug|Any CPU.Build.0 = Debug|Any CPU
		{B36D6C12-2E0F-49E8-B60D-F47278E8BAC9}.Release|Any CPU.ActiveCfg = Release|Any CPU
		{B36D6C12-2E0F-49E8-B60D-F47278E8BAC9}.Release|Any CPU.Build.0 = Release|Any CPU
	EndGlobalSection
	GlobalSection(SolutionProperties) = preSolution
		HideSolutionNode = FALSE
	EndGlobalSection
	GlobalSection(ExtensibilityGlobals) = postSolution
		SolutionGuid = {AC7E49FE-BCD5-4DB3-9D52-C9330CCD2A01}
	EndGlobalSection
EndGlobal
